// !$*UTF8*$!
{
	archiveVersion = 1;
	classes = {
	};
	objectVersion = 56;
	objects = {

/* Begin PBXBuildFile section */
		58F9A3562BD64FF00005160A /* AppDelegate.swift in Sources */ = {isa = PBXBuildFile; fileRef = 58F9A3552BD64FF00005160A /* AppDelegate.swift */; };
		58F9A3582BD64FF00005160A /* SceneDelegate.swift in Sources */ = {isa = PBXBuildFile; fileRef = 58F9A3572BD64FF00005160A /* SceneDelegate.swift */; };
		58F9A35A2BD64FF00005160A /* ViewController.swift in Sources */ = {isa = PBXBuildFile; fileRef = 58F9A3592BD64FF00005160A /* ViewController.swift */; };
		58F9A35D2BD64FF00005160A /* Main.storyboard in Resources */ = {isa = PBXBuildFile; fileRef = 58F9A35B2BD64FF00005160A /* Main.storyboard */; };
		58F9A35F2BD64FF30005160A /* Assets.xcassets in Resources */ = {isa = PBXBuildFile; fileRef = 58F9A35E2BD64FF30005160A /* Assets.xcassets */; };
		58F9A3622BD64FF30005160A /* LaunchScreen.storyboard in Resources */ = {isa = PBXBuildFile; fileRef = 58F9A3602BD64FF30005160A /* LaunchScreen.storyboard */; };
		58F9A3862BD6505D0005160A /* FlowerClassifier.mlmodel in Sources */ = {isa = PBXBuildFile; fileRef = 58F9A3852BD6505C0005160A /* FlowerClassifier.mlmodel */; };
		81DDF197BAB50215DF8D63D7 /* Pods_WhatFlower.framework in Frameworks */ = {isa = PBXBuildFile; fileRef = 43C026BE5DADF2E098846306 /* Pods_WhatFlower.framework */; };
/* End PBXBuildFile section */

/* Begin PBXContainerItemProxy section */
		58F9A3692BD64FF40005160A /* PBXContainerItemProxy */ = {
			isa = PBXContainerItemProxy;
			containerPortal = 58F9A34A2BD64FF00005160A /* Project object */;
			proxyType = 1;
			remoteGlobalIDString = 58F9A3512BD64FF00005160A;
			remoteInfo = WhatFlower;
		};
		58F9A3732BD64FF40005160A /* PBXContainerItemProxy */ = {
			isa = PBXContainerItemProxy;
			containerPortal = 58F9A34A2BD64FF00005160A /* Project object */;
			proxyType = 1;
			remoteGlobalIDString = 58F9A3512BD64FF00005160A;
			remoteInfo = WhatFlower;
		};
/* End PBXContainerItemProxy section */

/* Begin PBXFileReference section */
		43C026BE5DADF2E098846306 /* Pods_WhatFlower.framework */ = {isa = PBXFileReference; explicitFileType = wrapper.framework; includeInIndex = 0; path = Pods_WhatFlower.framework; sourceTree = BUILT_PRODUCTS_DIR; };
		58F9A3522BD64FF00005160A /* WhatFlower.app */ = {isa = PBXFileReference; explicitFileType = wrapper.application; includeInIndex = 0; path = WhatFlower.app; sourceTree = BUILT_PRODUCTS_DIR; };
		58F9A3552BD64FF00005160A /* AppDelegate.swift */ = {isa = PBXFileReference; lastKnownFileType = sourcecode.swift; path = AppDelegate.swift; sourceTree = "<group>"; };
		58F9A3572BD64FF00005160A /* SceneDelegate.swift */ = {isa = PBXFileReference; lastKnownFileType = sourcecode.swift; path = SceneDelegate.swift; sourceTree = "<group>"; };
		58F9A3592BD64FF00005160A /* ViewController.swift */ = {isa = PBXFileReference; lastKnownFileType = sourcecode.swift; path = ViewController.swift; sourceTree = "<group>"; };
		58F9A35C2BD64FF00005160A /* Base */ = {isa = PBXFileReference; lastKnownFileType = file.storyboard; name = Base; path = Base.lproj/Main.storyboard; sourceTree = "<group>"; };
		58F9A35E2BD64FF30005160A /* Assets.xcassets */ = {isa = PBXFileReference; lastKnownFileType = folder.assetcatalog; path = Assets.xcassets; sourceTree = "<group>"; };
		58F9A3612BD64FF30005160A /* Base */ = {isa = PBXFileReference; lastKnownFileType = file.storyboard; name = Base; path = Base.lproj/LaunchScreen.storyboard; sourceTree = "<group>"; };
		58F9A3632BD64FF30005160A /* Info.plist */ = {isa = PBXFileReference; lastKnownFileType = text.plist.xml; path = Info.plist; sourceTree = "<group>"; };
		58F9A3682BD64FF40005160A /* WhatFlowerTests.xctest */ = {isa = PBXFileReference; explicitFileType = wrapper.cfbundle; includeInIndex = 0; path = WhatFlowerTests.xctest; sourceTree = BUILT_PRODUCTS_DIR; };
		58F9A3722BD64FF40005160A /* WhatFlowerUITests.xctest */ = {isa = PBXFileReference; explicitFileType = wrapper.cfbundle; includeInIndex = 0; path = WhatFlowerUITests.xctest; sourceTree = BUILT_PRODUCTS_DIR; };
		58F9A3852BD6505C0005160A /* FlowerClassifier.mlmodel */ = {isa = PBXFileReference; lastKnownFileType = file.mlmodel; path = FlowerClassifier.mlmodel; sourceTree = "<group>"; };
		953ECA4BD89B7529A34AEBDF /* Pods-WhatFlower.debug.xcconfig */ = {isa = PBXFileReference; includeInIndex = 1; lastKnownFileType = text.xcconfig; name = "Pods-WhatFlower.debug.xcconfig"; path = "Target Support Files/Pods-WhatFlower/Pods-WhatFlower.debug.xcconfig"; sourceTree = "<group>"; };
		E8934F8161E475218085BEEE /* Pods-WhatFlower.release.xcconfig */ = {isa = PBXFileReference; includeInIndex = 1; lastKnownFileType = text.xcconfig; name = "Pods-WhatFlower.release.xcconfig"; path = "Target Support Files/Pods-WhatFlower/Pods-WhatFlower.release.xcconfig"; sourceTree = "<group>"; };
/* End PBXFileReference section */

/* Begin PBXFrameworksBuildPhase section */
		58F9A34F2BD64FF00005160A /* Frameworks */ = {
			isa = PBXFrameworksBuildPhase;
			buildActionMask = 2147483647;
			files = (
				81DDF197BAB50215DF8D63D7 /* Pods_WhatFlower.framework in Frameworks */,
			);
			runOnlyForDeploymentPostprocessing = 0;
		};
		58F9A3652BD64FF40005160A /* Frameworks */ = {
			isa = PBXFrameworksBuildPhase;
			buildActionMask = 2147483647;
			files = (
			);
			runOnlyForDeploymentPostprocessing = 0;
		};
		58F9A36F2BD64FF40005160A /* Frameworks */ = {
			isa = PBXFrameworksBuildPhase;
			buildActionMask = 2147483647;
			files = (
			);
			runOnlyForDeploymentPostprocessing = 0;
		};
/* End PBXFrameworksBuildPhase section */

/* Begin PBXGroup section */
		58F9A3492BD64FF00005160A = {
			isa = PBXGroup;
			children = (
				58F9A3542BD64FF00005160A /* WhatFlower */,
				58F9A3532BD64FF00005160A /* Products */,
				6641BB208547B738F96ADC66 /* Pods */,
				76ACA11C849D109723CA406A /* Frameworks */,
			);
			sourceTree = "<group>";
		};
		58F9A3532BD64FF00005160A /* Products */ = {
			isa = PBXGroup;
			children = (
				58F9A3522BD64FF00005160A /* WhatFlower.app */,
				58F9A3682BD64FF40005160A /* WhatFlowerTests.xctest */,
				58F9A3722BD64FF40005160A /* WhatFlowerUITests.xctest */,
			);
			name = Products;
			sourceTree = "<group>";
		};
		58F9A3542BD64FF00005160A /* WhatFlower */ = {
			isa = PBXGroup;
			children = (
				58F9A3552BD64FF00005160A /* AppDelegate.swift */,
				58F9A3572BD64FF00005160A /* SceneDelegate.swift */,
				58F9A3592BD64FF00005160A /* ViewController.swift */,
				58F9A35B2BD64FF00005160A /* Main.storyboard */,
				58F9A35E2BD64FF30005160A /* Assets.xcassets */,
				58F9A3852BD6505C0005160A /* FlowerClassifier.mlmodel */,
				58F9A3602BD64FF30005160A /* LaunchScreen.storyboard */,
				58F9A3632BD64FF30005160A /* Info.plist */,
			);
			path = WhatFlower;
			sourceTree = "<group>";
		};
		6641BB208547B738F96ADC66 /* Pods */ = {
			isa = PBXGroup;
			children = (
				953ECA4BD89B7529A34AEBDF /* Pods-WhatFlower.debug.xcconfig */,
				E8934F8161E475218085BEEE /* Pods-WhatFlower.release.xcconfig */,
			);
			name = Pods;
			path = Pods;
			sourceTree = "<group>";
		};
		76ACA11C849D109723CA406A /* Frameworks */ = {
			isa = PBXGroup;
			children = (
				43C026BE5DADF2E098846306 /* Pods_WhatFlower.framework */,
			);
			name = Frameworks;
			sourceTree = "<group>";
		};
/* End PBXGroup section */

/* Begin PBXNativeTarget section */
		58F9A3512BD64FF00005160A /* WhatFlower */ = {
			isa = PBXNativeTarget;
			buildConfigurationList = 58F9A37C2BD64FF40005160A /* Build configuration list for PBXNativeTarget "WhatFlower" */;
			buildPhases = (
				FAB5C64154D6A4829377C037 /* [CP] Check Pods Manifest.lock */,
				58F9A34E2BD64FF00005160A /* Sources */,
				58F9A34F2BD64FF00005160A /* Frameworks */,
				58F9A3502BD64FF00005160A /* Resources */,
				67B4AB3A14E29708FFF27454 /* [CP] Embed Pods Frameworks */,
			);
			buildRules = (
			);
			dependencies = (
			);
			name = WhatFlower;
			productName = WhatFlower;
			productReference = 58F9A3522BD64FF00005160A /* WhatFlower.app */;
			productType = "com.apple.product-type.application";
		};
		58F9A3672BD64FF40005160A /* WhatFlowerTests */ = {
			isa = PBXNativeTarget;
			buildConfigurationList = 58F9A37F2BD64FF40005160A /* Build configuration list for PBXNativeTarget "WhatFlowerTests" */;
			buildPhases = (
				58F9A3642BD64FF40005160A /* Sources */,
				58F9A3652BD64FF40005160A /* Frameworks */,
				58F9A3662BD64FF40005160A /* Resources */,
			);
			buildRules = (
			);
			dependencies = (
				58F9A36A2BD64FF40005160A /* PBXTargetDependency */,
			);
			name = WhatFlowerTests;
			productName = WhatFlowerTests;
			productReference = 58F9A3682BD64FF40005160A /* WhatFlowerTests.xctest */;
			productType = "com.apple.product-type.bundle.unit-test";
		};
		58F9A3712BD64FF40005160A /* WhatFlowerUITests */ = {
			isa = PBXNativeTarget;
			buildConfigurationList = 58F9A3822BD64FF40005160A /* Build configuration list for PBXNativeTarget "WhatFlowerUITests" */;
			buildPhases = (
				58F9A36E2BD64FF40005160A /* Sources */,
				58F9A36F2BD64FF40005160A /* Frameworks */,
				58F9A3702BD64FF40005160A /* Resources */,
			);
			buildRules = (
			);
			dependencies = (
				58F9A3742BD64FF40005160A /* PBXTargetDependency */,
			);
			name = WhatFlowerUITests;
			productName = WhatFlowerUITests;
			productReference = 58F9A3722BD64FF40005160A /* WhatFlowerUITests.xctest */;
			productType = "com.apple.product-type.bundle.ui-testing";
		};
/* End PBXNativeTarget section */

/* Begin PBXProject section */
		58F9A34A2BD64FF00005160A /* Project object */ = {
			isa = PBXProject;
			attributes = {
				BuildIndependentTargetsInParallel = 1;
				LastSwiftUpdateCheck = 1420;
				LastUpgradeCheck = 1420;
				TargetAttributes = {
					58F9A3512BD64FF00005160A = {
						CreatedOnToolsVersion = 14.2;
					};
					58F9A3672BD64FF40005160A = {
						CreatedOnToolsVersion = 14.2;
						TestTargetID = 58F9A3512BD64FF00005160A;
					};
					58F9A3712BD64FF40005160A = {
						CreatedOnToolsVersion = 14.2;
						TestTargetID = 58F9A3512BD64FF00005160A;
					};
				};
			};
			buildConfigurationList = 58F9A34D2BD64FF00005160A /* Build configuration list for PBXProject "WhatFlower" */;
			compatibilityVersion = "Xcode 14.0";
			developmentRegion = en;
			hasScannedForEncodings = 0;
			knownRegions = (
				en,
				Base,
			);
			mainGroup = 58F9A3492BD64FF00005160A;
			productRefGroup = 58F9A3532BD64FF00005160A /* Products */;
			projectDirPath = "";
			projectRoot = "";
			targets = (
				58F9A3512BD64FF00005160A /* WhatFlower */,
				58F9A3672BD64FF40005160A /* WhatFlowerTests */,
				58F9A3712BD64FF40005160A /* WhatFlowerUITests */,
			);
		};
/* End PBXProject section */

/* Begin PBXResourcesBuildPhase section */
		58F9A3502BD64FF00005160A /* Resources */ = {
			isa = PBXResourcesBuildPhase;
			buildActionMask = 2147483647;
			files = (
				58F9A3622BD64FF30005160A /* LaunchScreen.storyboard in Resources */,
				58F9A35F2BD64FF30005160A /* Assets.xcassets in Resources */,
				58F9A35D2BD64FF00005160A /* Main.storyboard in Resources */,
			);
			runOnlyForDeploymentPostprocessing = 0;
		};
		58F9A3662BD64FF40005160A /* Resources */ = {
			isa = PBXResourcesBuildPhase;
			buildActionMask = 2147483647;
			files = (
			);
			runOnlyForDeploymentPostprocessing = 0;
		};
		58F9A3702BD64FF40005160A /* Resources */ = {
			isa = PBXResourcesBuildPhase;
			buildActionMask = 2147483647;
			files = (
			);
			runOnlyForDeploymentPostprocessing = 0;
		};
/* End PBXResourcesBuildPhase section */

/* Begin PBXShellScriptBuildPhase section */
		67B4AB3A14E29708FFF27454 /* [CP] Embed Pods Frameworks */ = {
			isa = PBXShellScriptBuildPhase;
			buildActionMask = 2147483647;
			files = (
			);
			inputFileListPaths = (
				"${PODS_ROOT}/Target Support Files/Pods-WhatFlower/Pods-WhatFlower-frameworks-${CONFIGURATION}-input-files.xcfilelist",
			);
			name = "[CP] Embed Pods Frameworks";
			outputFileListPaths = (
				"${PODS_ROOT}/Target Support Files/Pods-WhatFlower/Pods-WhatFlower-frameworks-${CONFIGURATION}-output-files.xcfilelist",
			);
			runOnlyForDeploymentPostprocessing = 0;
			shellPath = /bin/sh;
			shellScript = "\"${PODS_ROOT}/Target Support Files/Pods-WhatFlower/Pods-WhatFlower-frameworks.sh\"\n";
			showEnvVarsInLog = 0;
		};
		FAB5C64154D6A4829377C037 /* [CP] Check Pods Manifest.lock */ = {
			isa = PBXShellScriptBuildPhase;
			buildActionMask = 2147483647;
			files = (
			);
			inputFileListPaths = (
			);
			inputPaths = (
				"${PODS_PODFILE_DIR_PATH}/Podfile.lock",
				"${PODS_ROOT}/Manifest.lock",
			);
			name = "[CP] Check Pods Manifest.lock";
			outputFileListPaths = (
			);
			outputPaths = (
				"$(DERIVED_FILE_DIR)/Pods-WhatFlower-checkManifestLockResult.txt",
			);
			runOnlyForDeploymentPostprocessing = 0;
			shellPath = /bin/sh;
			shellScript = "diff \"${PODS_PODFILE_DIR_PATH}/Podfile.lock\" \"${PODS_ROOT}/Manifest.lock\" > /dev/null\nif [ $? != 0 ] ; then\n    # print error to STDERR\n    echo \"error: The sandbox is not in sync with the Podfile.lock. Run 'pod install' or update your CocoaPods installation.\" >&2\n    exit 1\nfi\n# This output is used by Xcode 'outputs' to avoid re-running this script phase.\necho \"SUCCESS\" > \"${SCRIPT_OUTPUT_FILE_0}\"\n";
			showEnvVarsInLog = 0;
		};
/* End PBXShellScriptBuildPhase section */

/* Begin PBXSourcesBuildPhase section */
		58F9A34E2BD64FF00005160A /* Sources */ = {
			isa = PBXSourcesBuildPhase;
			buildActionMask = 2147483647;
			files = (
				58F9A3862BD6505D0005160A /* FlowerClassifier.mlmodel in Sources */,
				58F9A35A2BD64FF00005160A /* ViewController.swift in Sources */,
				58F9A3562BD64FF00005160A /* AppDelegate.swift in Sources */,
				58F9A3582BD64FF00005160A /* SceneDelegate.swift in Sources */,
			);
			runOnlyForDeploymentPostprocessing = 0;
		};
		58F9A3642BD64FF40005160A /* Sources */ = {
			isa = PBXSourcesBuildPhase;
			buildActionMask = 2147483647;
			files = (
			);
			runOnlyForDeploymentPostprocessing = 0;
		};
		58F9A36E2BD64FF40005160A /* Sources */ = {
			isa = PBXSourcesBuildPhase;
			buildActionMask = 2147483647;
			files = (
			);
			runOnlyForDeploymentPostprocessing = 0;
		};
/* End PBXSourcesBuildPhase section */

/* Begin PBXTargetDependency section */
		58F9A36A2BD64FF40005160A /* PBXTargetDependency */ = {
			isa = PBXTargetDependency;
			target = 58F9A3512BD64FF00005160A /* WhatFlower */;
			targetProxy = 58F9A3692BD64FF40005160A /* PBXContainerItemProxy */;
		};
		58F9A3742BD64FF40005160A /* PBXTargetDependency */ = {
			isa = PBXTargetDependency;
			target = 58F9A3512BD64FF00005160A /* WhatFlower */;
			targetProxy = 58F9A3732BD64FF40005160A /* PBXContainerItemProxy */;
		};
/* End PBXTargetDependency section */

/* Begin PBXVariantGroup section */
		58F9A35B2BD64FF00005160A /* Main.storyboard */ = {
			isa = PBXVariantGroup;
			children = (
				58F9A35C2BD64FF00005160A /* Base */,
			);
			name = Main.storyboard;
			sourceTree = "<group>";
		};
		58F9A3602BD64FF30005160A /* LaunchScreen.storyboard */ = {
			isa = PBXVariantGroup;
			children = (
				58F9A3612BD64FF30005160A /* Base */,
			);
			name = LaunchScreen.storyboard;
			sourceTree = "<group>";
		};
/* End PBXVariantGroup section */

/* Begin XCBuildConfiguration section */
		58F9A37A2BD64FF40005160A /* Debug */ = {
			isa = XCBuildConfiguration;
			buildSettings = {
				ALWAYS_SEARCH_USER_PATHS = NO;
				CLANG_ANALYZER_NONNULL = YES;
				CLANG_ANALYZER_NUMBER_OBJECT_CONVERSION = YES_AGGRESSIVE;
				CLANG_CXX_LANGUAGE_STANDARD = "gnu++20";
				CLANG_ENABLE_MODULES = YES;
				CLANG_ENABLE_OBJC_ARC = YES;
				CLANG_ENABLE_OBJC_WEAK = YES;
				CLANG_WARN_BLOCK_CAPTURE_AUTORELEASING = YES;
				CLANG_WARN_BOOL_CONVERSION = YES;
				CLANG_WARN_COMMA = YES;
				CLANG_WARN_CONSTANT_CONVERSION = YES;
				CLANG_WARN_DEPRECATED_OBJC_IMPLEMENTATIONS = YES;
				CLANG_WARN_DIRECT_OBJC_ISA_USAGE = YES_ERROR;
				CLANG_WARN_DOCUMENTATION_COMMENTS = YES;
				CLANG_WARN_EMPTY_BODY = YES;
				CLANG_WARN_ENUM_CONVERSION = YES;
				CLANG_WARN_INFINITE_RECURSION = YES;
				CLANG_WARN_INT_CONVERSION = YES;
				CLANG_WARN_NON_LITERAL_NULL_CONVERSION = YES;
				CLANG_WARN_OBJC_IMPLICIT_RETAIN_SELF = YES;
				CLANG_WARN_OBJC_LITERAL_CONVERSION = YES;
				CLANG_WARN_OBJC_ROOT_CLASS = YES_ERROR;
				CLANG_WARN_QUOTED_INCLUDE_IN_FRAMEWORK_HEADER = YES;
				CLANG_WARN_RANGE_LOOP_ANALYSIS = YES;
				CLANG_WARN_STRICT_PROTOTYPES = YES;
				CLANG_WARN_SUSPICIOUS_MOVE = YES;
				CLANG_WARN_UNGUARDED_AVAILABILITY = YES_AGGRESSIVE;
				CLANG_WARN_UNREACHABLE_CODE = YES;
				CLANG_WARN__DUPLICATE_METHOD_MATCH = YES;
				COPY_PHASE_STRIP = NO;
				DEBUG_INFORMATION_FORMAT = dwarf;
				ENABLE_STRICT_OBJC_MSGSEND = YES;
				ENABLE_TESTABILITY = YES;
				GCC_C_LANGUAGE_STANDARD = gnu11;
				GCC_DYNAMIC_NO_PIC = NO;
				GCC_NO_COMMON_BLOCKS = YES;
				GCC_OPTIMIZATION_LEVEL = 0;
				GCC_PREPROCESSOR_DEFINITIONS = (
					"DEBUG=1",
					"$(inherited)",
				);
				GCC_WARN_64_TO_32_BIT_CONVERSION = YES;
				GCC_WARN_ABOUT_RETURN_TYPE = YES_ERROR;
				GCC_WARN_UNDECLARED_SELECTOR = YES;
				GCC_WARN_UNINITIALIZED_AUTOS = YES_AGGRESSIVE;
				GCC_WARN_UNUSED_FUNCTION = YES;
				GCC_WARN_UNUSED_VARIABLE = YES;
				IPHONEOS_DEPLOYMENT_TARGET = 16.2;
				MTL_ENABLE_DEBUG_INFO = INCLUDE_SOURCE;
				MTL_FAST_MATH = YES;
				ONLY_ACTIVE_ARCH = YES;
				SDKROOT = iphoneos;
				SWIFT_ACTIVE_COMPILATION_CONDITIONS = DEBUG;
				SWIFT_OPTIMIZATION_LEVEL = "-Onone";
			};
			name = Debug;
		};
		58F9A37B2BD64FF40005160A /* Release */ = {
			isa = XCBuildConfiguration;
			buildSettings = {
				ALWAYS_SEARCH_USER_PATHS = NO;
				CLANG_ANALYZER_NONNULL = YES;
				CLANG_ANALYZER_NUMBER_OBJECT_CONVERSION = YES_AGGRESSIVE;
				CLANG_CXX_LANGUAGE_STANDARD = "gnu++20";
				CLANG_ENABLE_MODULES = YES;
				CLANG_ENABLE_OBJC_ARC = YES;
				CLANG_ENABLE_OBJC_WEAK = YES;
				CLANG_WARN_BLOCK_CAPTURE_AUTORELEASING = YES;
				CLANG_WARN_BOOL_CONVERSION = YES;
				CLANG_WARN_COMMA = YES;
				CLANG_WARN_CONSTANT_CONVERSION = YES;
				CLANG_WARN_DEPRECATED_OBJC_IMPLEMENTATIONS = YES;
				CLANG_WARN_DIRECT_OBJC_ISA_USAGE = YES_ERROR;
				CLANG_WARN_DOCUMENTATION_COMMENTS = YES;
				CLANG_WARN_EMPTY_BODY = YES;
				CLANG_WARN_ENUM_CONVERSION = YES;
				CLANG_WARN_INFINITE_RECURSION = YES;
				CLANG_WARN_INT_CONVERSION = YES;
				CLANG_WARN_NON_LITERAL_NULL_CONVERSION = YES;
				CLANG_WARN_OBJC_IMPLICIT_RETAIN_SELF = YES;
				CLANG_WARN_OBJC_LITERAL_CONVERSION = YES;
				CLANG_WARN_OBJC_ROOT_CLASS = YES_ERROR;
				CLANG_WARN_QUOTED_INCLUDE_IN_FRAMEWORK_HEADER = YES;
				CLANG_WARN_RANGE_LOOP_ANALYSIS = YES;
				CLANG_WARN_STRICT_PROTOTYPES = YES;
				CLANG_WARN_SUSPICIOUS_MOVE = YES;
				CLANG_WARN_UNGUARDED_AVAILABILITY = YES_AGGRESSIVE;
				CLANG_WARN_UNREACHABLE_CODE = YES;
				CLANG_WARN__DUPLICATE_METHOD_MATCH = YES;
				COPY_PHASE_STRIP = NO;
				DEBUG_INFORMATION_FORMAT = "dwarf-with-dsym";
				ENABLE_NS_ASSERTIONS = NO;
				ENABLE_STRICT_OBJC_MSGSEND = YES;
				GCC_C_LANGUAGE_STANDARD = gnu11;
				GCC_NO_COMMON_BLOCKS = YES;
				GCC_WARN_64_TO_32_BIT_CONVERSION = YES;
				GCC_WARN_ABOUT_RETURN_TYPE = YES_ERROR;
				GCC_WARN_UNDECLARED_SELECTOR = YES;
				GCC_WARN_UNINITIALIZED_AUTOS = YES_AGGRESSIVE;
				GCC_WARN_UNUSED_FUNCTION = YES;
				GCC_WARN_UNUSED_VARIABLE = YES;
				IPHONEOS_DEPLOYMENT_TARGET = 16.2;
				MTL_ENABLE_DEBUG_INFO = NO;
				MTL_FAST_MATH = YES;
				SDKROOT = iphoneos;
				SWIFT_COMPILATION_MODE = wholemodule;
				SWIFT_OPTIMIZATION_LEVEL = "-O";
				VALIDATE_PRODUCT = YES;
			};
			name = Release;
		};
		58F9A37D2BD64FF40005160A /* Debug */ = {
			isa = XCBuildConfiguration;
			baseConfigurationReference = 953ECA4BD89B7529A34AEBDF /* Pods-WhatFlower.debug.xcconfig */;
			buildSettings = {
				ASSETCATALOG_COMPILER_APPICON_NAME = AppIcon;
				ASSETCATALOG_COMPILER_GLOBAL_ACCENT_COLOR_NAME = AccentColor;
				CODE_SIGN_STYLE = Automatic;
				CURRENT_PROJECT_VERSION = 1;
				DEVELOPMENT_TEAM = 6NZDML3UK3;
				GENERATE_INFOPLIST_FILE = YES;
				INFOPLIST_FILE = WhatFlower/Info.plist;
				INFOPLIST_KEY_UIApplicationSupportsIndirectInputEvents = YES;
				INFOPLIST_KEY_UILaunchStoryboardName = LaunchScreen;
				INFOPLIST_KEY_UIMainStoryboardFile = Main;
				INFOPLIST_KEY_UISupportedInterfaceOrientations_iPad = "UIInterfaceOrientationPortrait UIInterfaceOrientationPortraitUpsideDown UIInterfaceOrientationLandscapeLeft UIInterfaceOrientationLandscapeRight";
				INFOPLIST_KEY_UISupportedInterfaceOrientations_iPhone = "UIInterfaceOrientationPortrait UIInterfaceOrientationLandscapeLeft UIInterfaceOrientationLandscapeRight";
				IPHONEOS_DEPLOYMENT_TARGET = 15.0;
				LD_RUNPATH_SEARCH_PATHS = (
					"$(inherited)",
					"@executable_path/Frameworks",
				);
				MARKETING_VERSION = 1.0;
				PRODUCT_BUNDLE_IDENTIFIER = cloudtech.WhatFlower;
				PRODUCT_NAME = "$(TARGET_NAME)";
				SWIFT_EMIT_LOC_STRINGS = YES;
				SWIFT_VERSION = 5.0;
				TARGETED_DEVICE_FAMILY = "1,2";
			};
			name = Debug;
		};
		58F9A37E2BD64FF40005160A /* Release */ = {
			isa = XCBuildConfiguration;
			baseConfigurationReference = E8934F8161E475218085BEEE /* Pods-WhatFlower.release.xcconfig */;
			buildSettings = {
				ASSETCATALOG_COMPILER_APPICON_NAME = AppIcon;
				ASSETCATALOG_COMPILER_GLOBAL_ACCENT_COLOR_NAME = AccentColor;
				CODE_SIGN_STYLE = Automatic;
				CURRENT_PROJECT_VERSION = 1;
				DEVELOPMENT_TEAM = 6NZDML3UK3;
				GENERATE_INFOPLIST_FILE = YES;
				INFOPLIST_FILE = WhatFlower/Info.plist;
				INFOPLIST_KEY_UIApplicationSupportsIndirectInputEvents = YES;
				INFOPLIST_KEY_UILaunchStoryboardName = LaunchScreen;
				INFOPLIST_KEY_UIMainStoryboardFile = Main;
				INFOPLIST_KEY_UISupportedInterfaceOrientations_iPad = "UIInterfaceOrientationPortrait UIInterfaceOrientationPortraitUpsideDown UIInterfaceOrientationLandscapeLeft UIInterfaceOrientationLandscapeRight";
				INFOPLIST_KEY_UISupportedInterfaceOrientations_iPhone = "UIInterfaceOrientationPortrait UIInterfaceOrientationLandscapeLeft UIInterfaceOrientationLandscapeRight";
				IPHONEOS_DEPLOYMENT_TARGET = 15.0;
				LD_RUNPATH_SEARCH_PATHS = (
					"$(inherited)",
					"@executable_path/Frameworks",
				);
				MARKETING_VERSION = 1.0;
				PRODUCT_BUNDLE_IDENTIFIER = cloudtech.WhatFlower;
				PRODUCT_NAME = "$(TARGET_NAME)";
				SWIFT_EMIT_LOC_STRINGS = YES;
				SWIFT_VERSION = 5.0;
				TARGETED_DEVICE_FAMILY = "1,2";
			};
			name = Release;
		};
		58F9A3802BD64FF40005160A /* Debug */ = {
			isa = XCBuildConfiguration;
			buildSettings = {
				ALWAYS_EMBED_SWIFT_STANDARD_LIBRARIES = YES;
				BUNDLE_LOADER = "$(TEST_HOST)";
				CODE_SIGN_STYLE = Automatic;
				CURRENT_PROJECT_VERSION = 1;
				DEVELOPMENT_TEAM = 6NZDML3UK3;
				GENERATE_INFOPLIST_FILE = YES;
				IPHONEOS_DEPLOYMENT_TARGET = 15.0;
				MARKETING_VERSION = 1.0;
				PRODUCT_BUNDLE_IDENTIFIER = cloudtech.WhatFlowerTests;
				PRODUCT_NAME = "$(TARGET_NAME)";
				SWIFT_EMIT_LOC_STRINGS = NO;
				SWIFT_VERSION = 5.0;
				TARGETED_DEVICE_FAMILY = "1,2";
				TEST_HOST = "$(BUILT_PRODUCTS_DIR)/WhatFlower.app/$(BUNDLE_EXECUTABLE_FOLDER_PATH)/WhatFlower";
			};
			name = Debug;
		};
		58F9A3812BD64FF40005160A /* Release */ = {
			isa = XCBuildConfiguration;
			buildSettings = {
				ALWAYS_EMBED_SWIFT_STANDARD_LIBRARIES = YES;
				BUNDLE_LOADER = "$(TEST_HOST)";
				CODE_SIGN_STYLE = Automatic;
				CURRENT_PROJECT_VERSION = 1;
				DEVELOPMENT_TEAM = 6NZDML3UK3;
				GENERATE_INFOPLIST_FILE = YES;
				IPHONEOS_DEPLOYMENT_TARGET = 15.0;
				MARKETING_VERSION = 1.0;
				PRODUCT_BUNDLE_IDENTIFIER = cloudtech.WhatFlowerTests;
				PRODUCT_NAME = "$(TARGET_NAME)";
				SWIFT_EMIT_LOC_STRINGS = NO;
				SWIFT_VERSION = 5.0;
				TARGETED_DEVICE_FAMILY = "1,2";
				TEST_HOST = "$(BUILT_PRODUCTS_DIR)/WhatFlower.app/$(BUNDLE_EXECUTABLE_FOLDER_PATH)/WhatFlower";
			};
			name = Release;
		};
		58F9A3832BD64FF40005160A /* Debug */ = {
			isa = XCBuildConfiguration;
			buildSettings = {
				ALWAYS_EMBED_SWIFT_STANDARD_LIBRARIES = YES;
				CODE_SIGN_STYLE = Automatic;
				CURRENT_PROJECT_VERSION = 1;
				DEVELOPMENT_TEAM = 6NZDML3UK3;
				GENERATE_INFOPLIST_FILE = YES;
				MARKETING_VERSION = 1.0;
				PRODUCT_BUNDLE_IDENTIFIER = cloudtech.WhatFlowerUITests;
				PRODUCT_NAME = "$(TARGET_NAME)";
				SWIFT_EMIT_LOC_STRINGS = NO;
				SWIFT_VERSION = 5.0;
				TARGETED_DEVICE_FAMILY = "1,2";
				TEST_TARGET_NAME = WhatFlower;
			};
			name = Debug;
		};
		58F9A3842BD64FF40005160A /* Release */ = {
			isa = XCBuildConfiguration;
			buildSettings = {
				ALWAYS_EMBED_SWIFT_STANDARD_LIBRARIES = YES;
				CODE_SIGN_STYLE = Automatic;
				CURRENT_PROJECT_VERSION = 1;
				DEVELOPMENT_TEAM = 6NZDML3UK3;
				GENERATE_INFOPLIST_FILE = YES;
				MARKETING_VERSION = 1.0;
				PRODUCT_BUNDLE_IDENTIFIER = cloudtech.WhatFlowerUITests;
				PRODUCT_NAME = "$(TARGET_NAME)";
				SWIFT_EMIT_LOC_STRINGS = NO;
				SWIFT_VERSION = 5.0;
				TARGETED_DEVICE_FAMILY = "1,2";
				TEST_TARGET_NAME = WhatFlower;
			};
			name = Release;
		};
/* End XCBuildConfiguration section */

/* Begin XCConfigurationList section */
		58F9A34D2BD64FF00005160A /* Build configuration list for PBXProject "WhatFlower" */ = {
			isa = XCConfigurationList;
			buildConfigurations = (
				58F9A37A2BD64FF40005160A /* Debug */,
				58F9A37B2BD64FF40005160A /* Release */,
			);
			defaultConfigurationIsVisible = 0;
			defaultConfigurationName = Release;
		};
		58F9A37C2BD64FF40005160A /* Build configuration list for PBXNativeTarget "WhatFlower" */ = {
			isa = XCConfigurationList;
			buildConfigurations = (
				58F9A37D2BD64FF40005160A /* Debug */,
				58F9A37E2BD64FF40005160A /* Release */,
			);
			defaultConfigurationIsVisible = 0;
			defaultConfigurationName = Release;
		};
		58F9A37F2BD64FF40005160A /* Build configuration list for PBXNativeTarget "WhatFlowerTests" */ = {
			isa = XCConfigurationList;
			buildConfigurations = (
				58F9A3802BD64FF40005160A /* Debug */,
				58F9A3812BD64FF40005160A /* Release */,
			);
			defaultConfigurationIsVisible = 0;
			defaultConfigurationName = Release;
		};
		58F9A3822BD64FF40005160A /* Build configuration list for PBXNativeTarget "WhatFlowerUITests" */ = {
			isa = XCConfigurationList;
			buildConfigurations = (
				58F9A3832BD64FF40005160A /* Debug */,
				58F9A3842BD64FF40005160A /* Release */,
			);
			defaultConfigurationIsVisible = 0;
			defaultConfigurationName = Release;
		};
/* End XCConfigurationList section */
	};
	rootObject = 58F9A34A2BD64FF00005160A /* Project object */;
}
